// !$*UTF8*$!
{
	archiveVersion = 1;
	classes = {
	};
	objectVersion = 55;
	objects = {

/* Begin PBXBuildFile section */
		66269B3B282BD3BB002CFCD3 /* Images.swift in Sources */ = {isa = PBXBuildFile; fileRef = 66269B3A282BD3BB002CFCD3 /* Images.swift */; };
		663E37592821C334009F56EB /* AppDelegate.swift in Sources */ = {isa = PBXBuildFile; fileRef = 663E37582821C334009F56EB /* AppDelegate.swift */; };
		663E375D2821C334009F56EB /* LoadViewController.swift in Sources */ = {isa = PBXBuildFile; fileRef = 663E375C2821C334009F56EB /* LoadViewController.swift */; };
		663E37622821C335009F56EB /* Assets.xcassets in Resources */ = {isa = PBXBuildFile; fileRef = 663E37612821C335009F56EB /* Assets.xcassets */; };
		663E37652821C335009F56EB /* LaunchScreen.storyboard in Resources */ = {isa = PBXBuildFile; fileRef = 663E37632821C335009F56EB /* LaunchScreen.storyboard */; };
		663E37722821C419009F56EB /* LoadViewPresenter.swift in Sources */ = {isa = PBXBuildFile; fileRef = 663E37712821C419009F56EB /* LoadViewPresenter.swift */; };
		663E37742821C4B0009F56EB /* NetworkManager.swift in Sources */ = {isa = PBXBuildFile; fileRef = 663E37732821C4B0009F56EB /* NetworkManager.swift */; };
		667739682821C748009A4D8D /* cities.json in Resources */ = {isa = PBXBuildFile; fileRef = 667739672821C748009A4D8D /* cities.json */; };
		667739702821C7B9009A4D8D /* WeatherData.swift in Sources */ = {isa = PBXBuildFile; fileRef = 6677396F2821C7B9009A4D8D /* WeatherData.swift */; };
		667739882821C81F009A4D8D /* CityNamesData.swift in Sources */ = {isa = PBXBuildFile; fileRef = 667739872821C81F009A4D8D /* CityNamesData.swift */; };
		6677398D2821C835009A4D8D /* String.swift in Sources */ = {isa = PBXBuildFile; fileRef = 6677398C2821C835009A4D8D /* String.swift */; };
		6677398F2821C839009A4D8D /* Date.swift in Sources */ = {isa = PBXBuildFile; fileRef = 6677398E2821C839009A4D8D /* Date.swift */; };
		667739952821D2A8009A4D8D /* ModuleBuilder.swift in Sources */ = {isa = PBXBuildFile; fileRef = 667739942821D2A8009A4D8D /* ModuleBuilder.swift */; };
		6677399E2822969F009A4D8D /* WeatherViewController.swift in Sources */ = {isa = PBXBuildFile; fileRef = 6677399D2822969F009A4D8D /* WeatherViewController.swift */; };
		667739A02822987E009A4D8D /* WeatherViewPresenter.swift in Sources */ = {isa = PBXBuildFile; fileRef = 6677399F2822987E009A4D8D /* WeatherViewPresenter.swift */; };
		667739A228229BC6009A4D8D /* UITableViewCell.swift in Sources */ = {isa = PBXBuildFile; fileRef = 667739A128229BC6009A4D8D /* UITableViewCell.swift */; };
		667739A92822A6B3009A4D8D /* CityListPresenter.swift in Sources */ = {isa = PBXBuildFile; fileRef = 667739A82822A6B3009A4D8D /* CityListPresenter.swift */; };
		667739AB2822A6CE009A4D8D /* CityListViewController.swift in Sources */ = {isa = PBXBuildFile; fileRef = 667739AA2822A6CE009A4D8D /* CityListViewController.swift */; };
		667739AE2822AB7C009A4D8D /* JSONParseManager.swift in Sources */ = {isa = PBXBuildFile; fileRef = 667739AD2822AB7C009A4D8D /* JSONParseManager.swift */; };
		667739B12822AE1C009A4D8D /* WeatherTableViewSections.swift in Sources */ = {isa = PBXBuildFile; fileRef = 667739B02822AE1C009A4D8D /* WeatherTableViewSections.swift */; };
		667739B32822AE2B009A4D8D /* UIViewController.swift in Sources */ = {isa = PBXBuildFile; fileRef = 667739B22822AE2B009A4D8D /* UIViewController.swift */; };
		667CEEAD2822B45D00C5B2FF /* CurrentWeatherTableViewCell.swift in Sources */ = {isa = PBXBuildFile; fileRef = 667CEEAC2822B45D00C5B2FF /* CurrentWeatherTableViewCell.swift */; };
		667CEEAF2822B50C00C5B2FF /* WeeklyWeatherTableViewCell.swift in Sources */ = {isa = PBXBuildFile; fileRef = 667CEEAE2822B50C00C5B2FF /* WeeklyWeatherTableViewCell.swift */; };
		667CEEB12822B5B300C5B2FF /* HourlyWeatherTableViewCell.swift in Sources */ = {isa = PBXBuildFile; fileRef = 667CEEB02822B5B300C5B2FF /* HourlyWeatherTableViewCell.swift */; };
		667CEEB32822B60000C5B2FF /* HourlyWeatherCollectionViewCell.swift in Sources */ = {isa = PBXBuildFile; fileRef = 667CEEB22822B60000C5B2FF /* HourlyWeatherCollectionViewCell.swift */; };
		667CEEB52822B62800C5B2FF /* UICollectionViewCell.swift in Sources */ = {isa = PBXBuildFile; fileRef = 667CEEB42822B62800C5B2FF /* UICollectionViewCell.swift */; };
		667CEEB72822B67500C5B2FF /* SunriseAndSunsetTableViewCell.swift in Sources */ = {isa = PBXBuildFile; fileRef = 667CEEB62822B67500C5B2FF /* SunriseAndSunsetTableViewCell.swift */; };
		667CEEBB2822BD3F00C5B2FF /* HeadersTitle.swift in Sources */ = {isa = PBXBuildFile; fileRef = 667CEEBA2822BD3F00C5B2FF /* HeadersTitle.swift */; };
		667CEEC02822CBEC00C5B2FF /* CurrentWeatherTableViewCellPresenter.swift in Sources */ = {isa = PBXBuildFile; fileRef = 667CEEBF2822CBEC00C5B2FF /* CurrentWeatherTableViewCellPresenter.swift */; };
		667CEEC62822CC3E00C5B2FF /* WeeklyWeatherTableViewCellPresenter.swift in Sources */ = {isa = PBXBuildFile; fileRef = 667CEEC52822CC3E00C5B2FF /* WeeklyWeatherTableViewCellPresenter.swift */; };
		667CEECB2822CC9400C5B2FF /* HourlyWeatherTableVIewCellPresenter.swift in Sources */ = {isa = PBXBuildFile; fileRef = 667CEECA2822CC9400C5B2FF /* HourlyWeatherTableVIewCellPresenter.swift */; };
		667CEED02822CCD600C5B2FF /* SunriseAndSunsetTableViewCellPresenter.swift in Sources */ = {isa = PBXBuildFile; fileRef = 667CEECF2822CCD600C5B2FF /* SunriseAndSunsetTableViewCellPresenter.swift */; };
		669167F12822E3AD00199D65 /* HourlyWeatherCollectionViewPresenter.swift in Sources */ = {isa = PBXBuildFile; fileRef = 669167F02822E3AD00199D65 /* HourlyWeatherCollectionViewPresenter.swift */; };
		669167F42823B44700199D65 /* CurrentWeatherModels.swift in Sources */ = {isa = PBXBuildFile; fileRef = 669167F32823B44700199D65 /* CurrentWeatherModels.swift */; };
		669167F72823D74E00199D65 /* AlertTitles.swift in Sources */ = {isa = PBXBuildFile; fileRef = 669167F62823D74E00199D65 /* AlertTitles.swift */; };
		7F2B8C86AE36F28B8627D366 /* Pods_WeatherApp_MVP_.framework in Frameworks */ = {isa = PBXBuildFile; fileRef = D4A90AB4E73C13AAD76AAC4D /* Pods_WeatherApp_MVP_.framework */; };
/* End PBXBuildFile section */

/* Begin PBXFileReference section */
		25080493AD0094F18528444F /* Pods-WeatherApp(MVP).release.xcconfig */ = {isa = PBXFileReference; includeInIndex = 1; lastKnownFileType = text.xcconfig; name = "Pods-WeatherApp(MVP).release.xcconfig"; path = "Target Support Files/Pods-WeatherApp(MVP)/Pods-WeatherApp(MVP).release.xcconfig"; sourceTree = "<group>"; };
		66269B3A282BD3BB002CFCD3 /* Images.swift */ = {isa = PBXFileReference; lastKnownFileType = sourcecode.swift; path = Images.swift; sourceTree = "<group>"; };
		663E37552821C334009F56EB /* WeatherApp(MVP).app */ = {isa = PBXFileReference; explicitFileType = wrapper.application; includeInIndex = 0; path = "WeatherApp(MVP).app"; sourceTree = BUILT_PRODUCTS_DIR; };
		663E37582821C334009F56EB /* AppDelegate.swift */ = {isa = PBXFileReference; lastKnownFileType = sourcecode.swift; path = AppDelegate.swift; sourceTree = "<group>"; };
		663E375C2821C334009F56EB /* LoadViewController.swift */ = {isa = PBXFileReference; lastKnownFileType = sourcecode.swift; path = LoadViewController.swift; sourceTree = "<group>"; };
		663E37612821C335009F56EB /* Assets.xcassets */ = {isa = PBXFileReference; lastKnownFileType = folder.assetcatalog; path = Assets.xcassets; sourceTree = "<group>"; };
		663E37642821C335009F56EB /* Base */ = {isa = PBXFileReference; lastKnownFileType = file.storyboard; name = Base; path = Base.lproj/LaunchScreen.storyboard; sourceTree = "<group>"; };
		663E37662821C335009F56EB /* Info.plist */ = {isa = PBXFileReference; lastKnownFileType = text.plist.xml; path = Info.plist; sourceTree = "<group>"; };
		663E37712821C419009F56EB /* LoadViewPresenter.swift */ = {isa = PBXFileReference; lastKnownFileType = sourcecode.swift; path = LoadViewPresenter.swift; sourceTree = "<group>"; };
		663E37732821C4B0009F56EB /* NetworkManager.swift */ = {isa = PBXFileReference; lastKnownFileType = sourcecode.swift; path = NetworkManager.swift; sourceTree = "<group>"; };
		667739672821C748009A4D8D /* cities.json */ = {isa = PBXFileReference; fileEncoding = 4; lastKnownFileType = text.json; path = cities.json; sourceTree = "<group>"; };
		6677396F2821C7B9009A4D8D /* WeatherData.swift */ = {isa = PBXFileReference; fileEncoding = 4; lastKnownFileType = sourcecode.swift; path = WeatherData.swift; sourceTree = "<group>"; };
		667739872821C81F009A4D8D /* CityNamesData.swift */ = {isa = PBXFileReference; fileEncoding = 4; lastKnownFileType = sourcecode.swift; path = CityNamesData.swift; sourceTree = "<group>"; };
		6677398C2821C835009A4D8D /* String.swift */ = {isa = PBXFileReference; fileEncoding = 4; lastKnownFileType = sourcecode.swift; path = String.swift; sourceTree = "<group>"; };
		6677398E2821C839009A4D8D /* Date.swift */ = {isa = PBXFileReference; fileEncoding = 4; lastKnownFileType = sourcecode.swift; path = Date.swift; sourceTree = "<group>"; };
		667739942821D2A8009A4D8D /* ModuleBuilder.swift */ = {isa = PBXFileReference; lastKnownFileType = sourcecode.swift; path = ModuleBuilder.swift; sourceTree = "<group>"; };
		6677399D2822969F009A4D8D /* WeatherViewController.swift */ = {isa = PBXFileReference; lastKnownFileType = sourcecode.swift; path = WeatherViewController.swift; sourceTree = "<group>"; };
		6677399F2822987E009A4D8D /* WeatherViewPresenter.swift */ = {isa = PBXFileReference; lastKnownFileType = sourcecode.swift; path = WeatherViewPresenter.swift; sourceTree = "<group>"; };
		667739A128229BC6009A4D8D /* UITableViewCell.swift */ = {isa = PBXFileReference; lastKnownFileType = sourcecode.swift; path = UITableViewCell.swift; sourceTree = "<group>"; };
		667739A82822A6B3009A4D8D /* CityListPresenter.swift */ = {isa = PBXFileReference; lastKnownFileType = sourcecode.swift; path = CityListPresenter.swift; sourceTree = "<group>"; };
		667739AA2822A6CE009A4D8D /* CityListViewController.swift */ = {isa = PBXFileReference; lastKnownFileType = sourcecode.swift; path = CityListViewController.swift; sourceTree = "<group>"; };
		667739AD2822AB7C009A4D8D /* JSONParseManager.swift */ = {isa = PBXFileReference; lastKnownFileType = sourcecode.swift; path = JSONParseManager.swift; sourceTree = "<group>"; };
		667739B02822AE1C009A4D8D /* WeatherTableViewSections.swift */ = {isa = PBXFileReference; lastKnownFileType = sourcecode.swift; path = WeatherTableViewSections.swift; sourceTree = "<group>"; };
		667739B22822AE2B009A4D8D /* UIViewController.swift */ = {isa = PBXFileReference; lastKnownFileType = sourcecode.swift; path = UIViewController.swift; sourceTree = "<group>"; };
		667CEEAC2822B45D00C5B2FF /* CurrentWeatherTableViewCell.swift */ = {isa = PBXFileReference; lastKnownFileType = sourcecode.swift; path = CurrentWeatherTableViewCell.swift; sourceTree = "<group>"; };
		667CEEAE2822B50C00C5B2FF /* WeeklyWeatherTableViewCell.swift */ = {isa = PBXFileReference; lastKnownFileType = sourcecode.swift; path = WeeklyWeatherTableViewCell.swift; sourceTree = "<group>"; };
		667CEEB02822B5B300C5B2FF /* HourlyWeatherTableViewCell.swift */ = {isa = PBXFileReference; lastKnownFileType = sourcecode.swift; path = HourlyWeatherTableViewCell.swift; sourceTree = "<group>"; };
		667CEEB22822B60000C5B2FF /* HourlyWeatherCollectionViewCell.swift */ = {isa = PBXFileReference; lastKnownFileType = sourcecode.swift; path = HourlyWeatherCollectionViewCell.swift; sourceTree = "<group>"; };
		667CEEB42822B62800C5B2FF /* UICollectionViewCell.swift */ = {isa = PBXFileReference; lastKnownFileType = sourcecode.swift; path = UICollectionViewCell.swift; sourceTree = "<group>"; };
		667CEEB62822B67500C5B2FF /* SunriseAndSunsetTableViewCell.swift */ = {isa = PBXFileReference; lastKnownFileType = sourcecode.swift; path = SunriseAndSunsetTableViewCell.swift; sourceTree = "<group>"; };
		667CEEBA2822BD3F00C5B2FF /* HeadersTitle.swift */ = {isa = PBXFileReference; lastKnownFileType = sourcecode.swift; path = HeadersTitle.swift; sourceTree = "<group>"; };
		667CEEBF2822CBEC00C5B2FF /* CurrentWeatherTableViewCellPresenter.swift */ = {isa = PBXFileReference; lastKnownFileType = sourcecode.swift; path = CurrentWeatherTableViewCellPresenter.swift; sourceTree = "<group>"; };
		667CEEC52822CC3E00C5B2FF /* WeeklyWeatherTableViewCellPresenter.swift */ = {isa = PBXFileReference; lastKnownFileType = sourcecode.swift; path = WeeklyWeatherTableViewCellPresenter.swift; sourceTree = "<group>"; };
		667CEECA2822CC9400C5B2FF /* HourlyWeatherTableVIewCellPresenter.swift */ = {isa = PBXFileReference; lastKnownFileType = sourcecode.swift; path = HourlyWeatherTableVIewCellPresenter.swift; sourceTree = "<group>"; };
		667CEECF2822CCD600C5B2FF /* SunriseAndSunsetTableViewCellPresenter.swift */ = {isa = PBXFileReference; lastKnownFileType = sourcecode.swift; path = SunriseAndSunsetTableViewCellPresenter.swift; sourceTree = "<group>"; };
		669167F02822E3AD00199D65 /* HourlyWeatherCollectionViewPresenter.swift */ = {isa = PBXFileReference; lastKnownFileType = sourcecode.swift; path = HourlyWeatherCollectionViewPresenter.swift; sourceTree = "<group>"; };
		669167F32823B44700199D65 /* CurrentWeatherModels.swift */ = {isa = PBXFileReference; lastKnownFileType = sourcecode.swift; path = CurrentWeatherModels.swift; sourceTree = "<group>"; };
		669167F62823D74E00199D65 /* AlertTitles.swift */ = {isa = PBXFileReference; lastKnownFileType = sourcecode.swift; path = AlertTitles.swift; sourceTree = "<group>"; };
		BB312F8CE14F49847ADFE7F7 /* Pods-WeatherApp(MVP).debug.xcconfig */ = {isa = PBXFileReference; includeInIndex = 1; lastKnownFileType = text.xcconfig; name = "Pods-WeatherApp(MVP).debug.xcconfig"; path = "Target Support Files/Pods-WeatherApp(MVP)/Pods-WeatherApp(MVP).debug.xcconfig"; sourceTree = "<group>"; };
		D4A90AB4E73C13AAD76AAC4D /* Pods_WeatherApp_MVP_.framework */ = {isa = PBXFileReference; explicitFileType = wrapper.framework; includeInIndex = 0; path = Pods_WeatherApp_MVP_.framework; sourceTree = BUILT_PRODUCTS_DIR; };
/* End PBXFileReference section */

/* Begin PBXFrameworksBuildPhase section */
		663E37522821C334009F56EB /* Frameworks */ = {
			isa = PBXFrameworksBuildPhase;
			buildActionMask = 2147483647;
			files = (
				7F2B8C86AE36F28B8627D366 /* Pods_WeatherApp_MVP_.framework in Frameworks */,
			);
			runOnlyForDeploymentPostprocessing = 0;
		};
/* End PBXFrameworksBuildPhase section */

/* Begin PBXGroup section */
		18503BBBD0DC537AF79F5E6D /* Frameworks */ = {
			isa = PBXGroup;
			children = (
				D4A90AB4E73C13AAD76AAC4D /* Pods_WeatherApp_MVP_.framework */,
			);
			name = Frameworks;
			sourceTree = "<group>";
		};
		66269B38282BC968002CFCD3 /* UI */ = {
			isa = PBXGroup;
			children = (
				667CEEA92822B40100C5B2FF /* CustomElements */,
				667739A42822A557009A4D8D /* Controllers */,
			);
			path = UI;
			sourceTree = "<group>";
		};
		66269B39282BD3A7002CFCD3 /* Images */ = {
			isa = PBXGroup;
			children = (
				66269B3A282BD3BB002CFCD3 /* Images.swift */,
			);
			path = Images;
			sourceTree = "<group>";
		};
		663E374C2821C334009F56EB = {
			isa = PBXGroup;
			children = (
				663E37572821C334009F56EB /* WeatherApp(MVP) */,
				663E37562821C334009F56EB /* Products */,
				E0A641D361CE9735334F7C54 /* Pods */,
				18503BBBD0DC537AF79F5E6D /* Frameworks */,
			);
			sourceTree = "<group>";
		};
		663E37562821C334009F56EB /* Products */ = {
			isa = PBXGroup;
			children = (
				663E37552821C334009F56EB /* WeatherApp(MVP).app */,
			);
			name = Products;
			sourceTree = "<group>";
		};
		663E37572821C334009F56EB /* WeatherApp(MVP) */ = {
			isa = PBXGroup;
			children = (
				66269B39282BD3A7002CFCD3 /* Images */,
				66269B38282BC968002CFCD3 /* UI */,
				669167F52823D73F00199D65 /* AlertTitles */,
				667739AF2822AE0C009A4D8D /* TableViewDetails */,
				667739932821D247009A4D8D /* ModuleBuilder */,
				6677398B2821C829009A4D8D /* Extensions */,
				663E37752821C59F009F56EB /* Models */,
				663E37702821C401009F56EB /* Services */,
				663E37582821C334009F56EB /* AppDelegate.swift */,
				663E37612821C335009F56EB /* Assets.xcassets */,
				663E37632821C335009F56EB /* LaunchScreen.storyboard */,
				663E37662821C335009F56EB /* Info.plist */,
			);
			path = "WeatherApp(MVP)";
			sourceTree = "<group>";
		};
		663E376C2821C3E4009F56EB /* LoadViewController */ = {
			isa = PBXGroup;
			children = (
				663E376E2821C3F2009F56EB /* Presenter */,
				663E376D2821C3EB009F56EB /* View */,
			);
			path = LoadViewController;
			sourceTree = "<group>";
		};
		663E376D2821C3EB009F56EB /* View */ = {
			isa = PBXGroup;
			children = (
				663E375C2821C334009F56EB /* LoadViewController.swift */,
			);
			path = View;
			sourceTree = "<group>";
		};
		663E376E2821C3F2009F56EB /* Presenter */ = {
			isa = PBXGroup;
			children = (
				663E37712821C419009F56EB /* LoadViewPresenter.swift */,
			);
			path = Presenter;
			sourceTree = "<group>";
		};
		663E376F2821C3F9009F56EB /* NetworManager */ = {
			isa = PBXGroup;
			children = (
				663E37732821C4B0009F56EB /* NetworkManager.swift */,
			);
			path = NetworManager;
			sourceTree = "<group>";
		};
		663E37702821C401009F56EB /* Services */ = {
			isa = PBXGroup;
			children = (
				667739AC2822AB6E009A4D8D /* JSONParseManager */,
				663E376F2821C3F9009F56EB /* NetworManager */,
			);
			path = Services;
			sourceTree = "<group>";
		};
		663E37752821C59F009F56EB /* Models */ = {
			isa = PBXGroup;
			children = (
				667739862821C817009A4D8D /* CityModels */,
				663E37762821C5A4009F56EB /* WeatherModels */,
			);
			path = Models;
			sourceTree = "<group>";
		};
		663E37762821C5A4009F56EB /* WeatherModels */ = {
			isa = PBXGroup;
			children = (
				669167F22823B40700199D65 /* CurrentWeatherModels */,
				6677396E2821C7A5009A4D8D /* WeeklyWeatherModels */,
			);
			path = WeatherModels;
			sourceTree = "<group>";
		};
		667739662821C73C009A4D8D /* JSON */ = {
			isa = PBXGroup;
			children = (
				667739672821C748009A4D8D /* cities.json */,
			);
			path = JSON;
			sourceTree = "<group>";
		};
		6677396E2821C7A5009A4D8D /* WeeklyWeatherModels */ = {
			isa = PBXGroup;
			children = (
				6677396F2821C7B9009A4D8D /* WeatherData.swift */,
			);
			path = WeeklyWeatherModels;
			sourceTree = "<group>";
		};
		667739862821C817009A4D8D /* CityModels */ = {
			isa = PBXGroup;
			children = (
				667739872821C81F009A4D8D /* CityNamesData.swift */,
			);
			path = CityModels;
			sourceTree = "<group>";
		};
		6677398B2821C829009A4D8D /* Extensions */ = {
			isa = PBXGroup;
			children = (
				6677398C2821C835009A4D8D /* String.swift */,
				6677398E2821C839009A4D8D /* Date.swift */,
				667739A128229BC6009A4D8D /* UITableViewCell.swift */,
				667739B22822AE2B009A4D8D /* UIViewController.swift */,
				667CEEB42822B62800C5B2FF /* UICollectionViewCell.swift */,
			);
			path = Extensions;
			sourceTree = "<group>";
		};
		667739932821D247009A4D8D /* ModuleBuilder */ = {
			isa = PBXGroup;
			children = (
				667739942821D2A8009A4D8D /* ModuleBuilder.swift */,
			);
			path = ModuleBuilder;
			sourceTree = "<group>";
		};
		6677399A2822967B009A4D8D /* WeatherViewController */ = {
			isa = PBXGroup;
			children = (
				6677399C2822968D009A4D8D /* Presenter */,
				6677399B28229687009A4D8D /* View */,
			);
			path = WeatherViewController;
			sourceTree = "<group>";
		};
		6677399B28229687009A4D8D /* View */ = {
			isa = PBXGroup;
			children = (
				6677399D2822969F009A4D8D /* WeatherViewController.swift */,
			);
			path = View;
			sourceTree = "<group>";
		};
		6677399C2822968D009A4D8D /* Presenter */ = {
			isa = PBXGroup;
			children = (
				6677399F2822987E009A4D8D /* WeatherViewPresenter.swift */,
			);
			path = Presenter;
			sourceTree = "<group>";
		};
		667739A42822A557009A4D8D /* Controllers */ = {
			isa = PBXGroup;
			children = (
				663E376C2821C3E4009F56EB /* LoadViewController */,
				6677399A2822967B009A4D8D /* WeatherViewController */,
				667739A52822A569009A4D8D /* CityListViewController */,
			);
			path = Controllers;
			sourceTree = "<group>";
		};
		667739A52822A569009A4D8D /* CityListViewController */ = {
			isa = PBXGroup;
			children = (
				667739A72822A5BC009A4D8D /* Presenter */,
				667739A62822A5B5009A4D8D /* View */,
			);
			path = CityListViewController;
			sourceTree = "<group>";
		};
		667739A62822A5B5009A4D8D /* View */ = {
			isa = PBXGroup;
			children = (
				667739AA2822A6CE009A4D8D /* CityListViewController.swift */,
			);
			path = View;
			sourceTree = "<group>";
		};
		667739A72822A5BC009A4D8D /* Presenter */ = {
			isa = PBXGroup;
			children = (
				667739A82822A6B3009A4D8D /* CityListPresenter.swift */,
			);
			path = Presenter;
			sourceTree = "<group>";
		};
		667739AC2822AB6E009A4D8D /* JSONParseManager */ = {
			isa = PBXGroup;
			children = (
				667739662821C73C009A4D8D /* JSON */,
				667739AD2822AB7C009A4D8D /* JSONParseManager.swift */,
			);
			path = JSONParseManager;
			sourceTree = "<group>";
		};
		667739AF2822AE0C009A4D8D /* TableViewDetails */ = {
			isa = PBXGroup;
			children = (
				667CEEB92822BD3100C5B2FF /* HeadersTitle */,
				667CEEB82822BD2400C5B2FF /* WeatherTableViewSections */,
			);
			path = TableViewDetails;
			sourceTree = "<group>";
		};
		667CEEA92822B40100C5B2FF /* CustomElements */ = {
			isa = PBXGroup;
			children = (
				667CEEAA2822B42100C5B2FF /* TableViewCells */,
				667CEEAB2822B44000C5B2FF /* CollectionViewCells */,
			);
			path = CustomElements;
			sourceTree = "<group>";
		};
		667CEEAA2822B42100C5B2FF /* TableViewCells */ = {
			isa = PBXGroup;
			children = (
				667CEECC2822CCA700C5B2FF /* SunriseAndSunsetTableViewCell */,
				667CEEC72822CC6A00C5B2FF /* HourlyWeatherTableViewCell */,
				667CEEC22822CC1900C5B2FF /* WeeklyWeatherTableViewCell */,
				667CEEBC2822CB8300C5B2FF /* CurrentWeatherTableViewCell */,
			);
			path = TableViewCells;
			sourceTree = "<group>";
		};
		667CEEAB2822B44000C5B2FF /* CollectionViewCells */ = {
			isa = PBXGroup;
			children = (
				669167EF2822E39A00199D65 /* Presenter */,
				669167EE2822E38B00199D65 /* HourlyWeatherCollectionViewCell */,
			);
			path = CollectionViewCells;
			sourceTree = "<group>";
		};
		667CEEB82822BD2400C5B2FF /* WeatherTableViewSections */ = {
			isa = PBXGroup;
			children = (
				667739B02822AE1C009A4D8D /* WeatherTableViewSections.swift */,
			);
			path = WeatherTableViewSections;
			sourceTree = "<group>";
		};
		667CEEB92822BD3100C5B2FF /* HeadersTitle */ = {
			isa = PBXGroup;
			children = (
				667CEEBA2822BD3F00C5B2FF /* HeadersTitle.swift */,
			);
			path = HeadersTitle;
			sourceTree = "<group>";
		};
		667CEEBC2822CB8300C5B2FF /* CurrentWeatherTableViewCell */ = {
			isa = PBXGroup;
			children = (
				667CEEBE2822CBCF00C5B2FF /* Presenter */,
				667CEEBD2822CB9400C5B2FF /* CurrentWeatherTableViewCell */,
			);
			path = CurrentWeatherTableViewCell;
			sourceTree = "<group>";
		};
		667CEEBD2822CB9400C5B2FF /* CurrentWeatherTableViewCell */ = {
			isa = PBXGroup;
			children = (
				667CEEAC2822B45D00C5B2FF /* CurrentWeatherTableViewCell.swift */,
			);
			path = CurrentWeatherTableViewCell;
			sourceTree = "<group>";
		};
		667CEEBE2822CBCF00C5B2FF /* Presenter */ = {
			isa = PBXGroup;
			children = (
				667CEEBF2822CBEC00C5B2FF /* CurrentWeatherTableViewCellPresenter.swift */,
			);
			path = Presenter;
			sourceTree = "<group>";
		};
		667CEEC22822CC1900C5B2FF /* WeeklyWeatherTableViewCell */ = {
			isa = PBXGroup;
			children = (
				667CEEC42822CC2D00C5B2FF /* WeeklyWeatherTableViewCellPresenter */,
				667CEEC32822CC2800C5B2FF /* WeeklyWeatherTableViewCell */,
			);
			path = WeeklyWeatherTableViewCell;
			sourceTree = "<group>";
		};
		667CEEC32822CC2800C5B2FF /* WeeklyWeatherTableViewCell */ = {
			isa = PBXGroup;
			children = (
				667CEEAE2822B50C00C5B2FF /* WeeklyWeatherTableViewCell.swift */,
			);
			path = WeeklyWeatherTableViewCell;
			sourceTree = "<group>";
		};
		667CEEC42822CC2D00C5B2FF /* WeeklyWeatherTableViewCellPresenter */ = {
			isa = PBXGroup;
			children = (
				667CEEC52822CC3E00C5B2FF /* WeeklyWeatherTableViewCellPresenter.swift */,
			);
			path = WeeklyWeatherTableViewCellPresenter;
			sourceTree = "<group>";
		};
		667CEEC72822CC6A00C5B2FF /* HourlyWeatherTableViewCell */ = {
			isa = PBXGroup;
			children = (
				667CEEC92822CC7A00C5B2FF /* Presenter */,
				667CEEC82822CC7300C5B2FF /* HourlyWeatherTableViewCell */,
			);
			path = HourlyWeatherTableViewCell;
			sourceTree = "<group>";
		};
		667CEEC82822CC7300C5B2FF /* HourlyWeatherTableViewCell */ = {
			isa = PBXGroup;
			children = (
				667CEEB02822B5B300C5B2FF /* HourlyWeatherTableViewCell.swift */,
			);
			path = HourlyWeatherTableViewCell;
			sourceTree = "<group>";
		};
		667CEEC92822CC7A00C5B2FF /* Presenter */ = {
			isa = PBXGroup;
			children = (
				667CEECA2822CC9400C5B2FF /* HourlyWeatherTableVIewCellPresenter.swift */,
			);
			path = Presenter;
			sourceTree = "<group>";
		};
		667CEECC2822CCA700C5B2FF /* SunriseAndSunsetTableViewCell */ = {
			isa = PBXGroup;
			children = (
				667CEECE2822CCBF00C5B2FF /* Presenter */,
				667CEECD2822CCB400C5B2FF /* SunriseAndSunsetTableViewCell */,
			);
			path = SunriseAndSunsetTableViewCell;
			sourceTree = "<group>";
		};
		667CEECD2822CCB400C5B2FF /* SunriseAndSunsetTableViewCell */ = {
			isa = PBXGroup;
			children = (
				667CEEB62822B67500C5B2FF /* SunriseAndSunsetTableViewCell.swift */,
			);
			path = SunriseAndSunsetTableViewCell;
			sourceTree = "<group>";
		};
		667CEECE2822CCBF00C5B2FF /* Presenter */ = {
			isa = PBXGroup;
			children = (
				667CEECF2822CCD600C5B2FF /* SunriseAndSunsetTableViewCellPresenter.swift */,
			);
			path = Presenter;
			sourceTree = "<group>";
		};
		669167EE2822E38B00199D65 /* HourlyWeatherCollectionViewCell */ = {
			isa = PBXGroup;
			children = (
				667CEEB22822B60000C5B2FF /* HourlyWeatherCollectionViewCell.swift */,
			);
			path = HourlyWeatherCollectionViewCell;
			sourceTree = "<group>";
		};
		669167EF2822E39A00199D65 /* Presenter */ = {
			isa = PBXGroup;
			children = (
				669167F02822E3AD00199D65 /* HourlyWeatherCollectionViewPresenter.swift */,
			);
			path = Presenter;
			sourceTree = "<group>";
		};
		669167F22823B40700199D65 /* CurrentWeatherModels */ = {
			isa = PBXGroup;
			children = (
				669167F32823B44700199D65 /* CurrentWeatherModels.swift */,
			);
			path = CurrentWeatherModels;
			sourceTree = "<group>";
		};
		669167F52823D73F00199D65 /* AlertTitles */ = {
			isa = PBXGroup;
			children = (
				669167F62823D74E00199D65 /* AlertTitles.swift */,
			);
			path = AlertTitles;
			sourceTree = "<group>";
		};
		E0A641D361CE9735334F7C54 /* Pods */ = {
			isa = PBXGroup;
			children = (
				BB312F8CE14F49847ADFE7F7 /* Pods-WeatherApp(MVP).debug.xcconfig */,
				25080493AD0094F18528444F /* Pods-WeatherApp(MVP).release.xcconfig */,
			);
			path = Pods;
			sourceTree = "<group>";
		};
/* End PBXGroup section */

/* Begin PBXNativeTarget section */
		663E37542821C334009F56EB /* WeatherApp(MVP) */ = {
			isa = PBXNativeTarget;
			buildConfigurationList = 663E37692821C335009F56EB /* Build configuration list for PBXNativeTarget "WeatherApp(MVP)" */;
			buildPhases = (
				6C9C92E6FC4DEBE5FA8300A5 /* [CP] Check Pods Manifest.lock */,
				663E37512821C334009F56EB /* Sources */,
				663E37522821C334009F56EB /* Frameworks */,
				663E37532821C334009F56EB /* Resources */,
				2241D61DA5D451B6700B4723 /* [CP] Embed Pods Frameworks */,
			);
			buildRules = (
			);
			dependencies = (
			);
			name = "WeatherApp(MVP)";
			productName = "WeatherApp(MVP)";
			productReference = 663E37552821C334009F56EB /* WeatherApp(MVP).app */;
			productType = "com.apple.product-type.application";
		};
/* End PBXNativeTarget section */

/* Begin PBXProject section */
		663E374D2821C334009F56EB /* Project object */ = {
			isa = PBXProject;
			attributes = {
				BuildIndependentTargetsInParallel = 1;
				LastSwiftUpdateCheck = 1330;
				LastUpgradeCheck = 1330;
				TargetAttributes = {
					663E37542821C334009F56EB = {
						CreatedOnToolsVersion = 13.3.1;
					};
				};
			};
			buildConfigurationList = 663E37502821C334009F56EB /* Build configuration list for PBXProject "WeatherApp(MVP)" */;
			compatibilityVersion = "Xcode 13.0";
			developmentRegion = en;
			hasScannedForEncodings = 0;
			knownRegions = (
				en,
				Base,
			);
			mainGroup = 663E374C2821C334009F56EB;
			productRefGroup = 663E37562821C334009F56EB /* Products */;
			projectDirPath = "";
			projectRoot = "";
			targets = (
				663E37542821C334009F56EB /* WeatherApp(MVP) */,
			);
		};
/* End PBXProject section */

/* Begin PBXResourcesBuildPhase section */
		663E37532821C334009F56EB /* Resources */ = {
			isa = PBXResourcesBuildPhase;
			buildActionMask = 2147483647;
			files = (
				667739682821C748009A4D8D /* cities.json in Resources */,
				663E37652821C335009F56EB /* LaunchScreen.storyboard in Resources */,
				663E37622821C335009F56EB /* Assets.xcassets in Resources */,
			);
			runOnlyForDeploymentPostprocessing = 0;
		};
/* End PBXResourcesBuildPhase section */

/* Begin PBXShellScriptBuildPhase section */
		2241D61DA5D451B6700B4723 /* [CP] Embed Pods Frameworks */ = {
			isa = PBXShellScriptBuildPhase;
			buildActionMask = 2147483647;
			files = (
			);
			inputFileListPaths = (
				"${PODS_ROOT}/Target Support Files/Pods-WeatherApp(MVP)/Pods-WeatherApp(MVP)-frameworks-${CONFIGURATION}-input-files.xcfilelist",
			);
			name = "[CP] Embed Pods Frameworks";
			outputFileListPaths = (
				"${PODS_ROOT}/Target Support Files/Pods-WeatherApp(MVP)/Pods-WeatherApp(MVP)-frameworks-${CONFIGURATION}-output-files.xcfilelist",
			);
			runOnlyForDeploymentPostprocessing = 0;
			shellPath = /bin/sh;
			shellScript = "\"${PODS_ROOT}/Target Support Files/Pods-WeatherApp(MVP)/Pods-WeatherApp(MVP)-frameworks.sh\"\n";
			showEnvVarsInLog = 0;
		};
		6C9C92E6FC4DEBE5FA8300A5 /* [CP] Check Pods Manifest.lock */ = {
			isa = PBXShellScriptBuildPhase;
			buildActionMask = 2147483647;
			files = (
			);
			inputFileListPaths = (
			);
			inputPaths = (
				"${PODS_PODFILE_DIR_PATH}/Podfile.lock",
				"${PODS_ROOT}/Manifest.lock",
			);
			name = "[CP] Check Pods Manifest.lock";
			outputFileListPaths = (
			);
			outputPaths = (
				"$(DERIVED_FILE_DIR)/Pods-WeatherApp(MVP)-checkManifestLockResult.txt",
			);
			runOnlyForDeploymentPostprocessing = 0;
			shellPath = /bin/sh;
			shellScript = "diff \"${PODS_PODFILE_DIR_PATH}/Podfile.lock\" \"${PODS_ROOT}/Manifest.lock\" > /dev/null\nif [ $? != 0 ] ; then\n    # print error to STDERR\n    echo \"error: The sandbox is not in sync with the Podfile.lock. Run 'pod install' or update your CocoaPods installation.\" >&2\n    exit 1\nfi\n# This output is used by Xcode 'outputs' to avoid re-running this script phase.\necho \"SUCCESS\" > \"${SCRIPT_OUTPUT_FILE_0}\"\n";
			showEnvVarsInLog = 0;
		};
/* End PBXShellScriptBuildPhase section */

/* Begin PBXSourcesBuildPhase section */
		663E37512821C334009F56EB /* Sources */ = {
			isa = PBXSourcesBuildPhase;
			buildActionMask = 2147483647;
			files = (
				667CEEAD2822B45D00C5B2FF /* CurrentWeatherTableViewCell.swift in Sources */,
				669167F72823D74E00199D65 /* AlertTitles.swift in Sources */,
				663E37742821C4B0009F56EB /* NetworkManager.swift in Sources */,
				6677399E2822969F009A4D8D /* WeatherViewController.swift in Sources */,
				6677398D2821C835009A4D8D /* String.swift in Sources */,
				667739702821C7B9009A4D8D /* WeatherData.swift in Sources */,
				663E375D2821C334009F56EB /* LoadViewController.swift in Sources */,
				667CEEB52822B62800C5B2FF /* UICollectionViewCell.swift in Sources */,
				667739AE2822AB7C009A4D8D /* JSONParseManager.swift in Sources */,
				667CEED02822CCD600C5B2FF /* SunriseAndSunsetTableViewCellPresenter.swift in Sources */,
				667CEEAF2822B50C00C5B2FF /* WeeklyWeatherTableViewCell.swift in Sources */,
				663E37722821C419009F56EB /* LoadViewPresenter.swift in Sources */,
				667CEEB32822B60000C5B2FF /* HourlyWeatherCollectionViewCell.swift in Sources */,
				667739A02822987E009A4D8D /* WeatherViewPresenter.swift in Sources */,
				667CEEB12822B5B300C5B2FF /* HourlyWeatherTableViewCell.swift in Sources */,
				667739B32822AE2B009A4D8D /* UIViewController.swift in Sources */,
				667739AB2822A6CE009A4D8D /* CityListViewController.swift in Sources */,
				667CEEC02822CBEC00C5B2FF /* CurrentWeatherTableViewCellPresenter.swift in Sources */,
				663E37592821C334009F56EB /* AppDelegate.swift in Sources */,
				667CEECB2822CC9400C5B2FF /* HourlyWeatherTableVIewCellPresenter.swift in Sources */,
				667739882821C81F009A4D8D /* CityNamesData.swift in Sources */,
				667CEEB72822B67500C5B2FF /* SunriseAndSunsetTableViewCell.swift in Sources */,
				669167F12822E3AD00199D65 /* HourlyWeatherCollectionViewPresenter.swift in Sources */,
				669167F42823B44700199D65 /* CurrentWeatherModels.swift in Sources */,
				667739A228229BC6009A4D8D /* UITableViewCell.swift in Sources */,
				667CEEC62822CC3E00C5B2FF /* WeeklyWeatherTableViewCellPresenter.swift in Sources */,
				667CEEBB2822BD3F00C5B2FF /* HeadersTitle.swift in Sources */,
				6677398F2821C839009A4D8D /* Date.swift in Sources */,
				667739952821D2A8009A4D8D /* ModuleBuilder.swift in Sources */,
				66269B3B282BD3BB002CFCD3 /* Images.swift in Sources */,
				667739A92822A6B3009A4D8D /* CityListPresenter.swift in Sources */,
				667739B12822AE1C009A4D8D /* WeatherTableViewSections.swift in Sources */,
			);
			runOnlyForDeploymentPostprocessing = 0;
		};
/* End PBXSourcesBuildPhase section */

/* Begin PBXVariantGroup section */
		663E37632821C335009F56EB /* LaunchScreen.storyboard */ = {
			isa = PBXVariantGroup;
			children = (
				663E37642821C335009F56EB /* Base */,
			);
			name = LaunchScreen.storyboard;
			sourceTree = "<group>";
		};
/* End PBXVariantGroup section */

/* Begin XCBuildConfiguration section */
		663E37672821C335009F56EB /* Debug */ = {
			isa = XCBuildConfiguration;
			buildSettings = {
				ALWAYS_SEARCH_USER_PATHS = NO;
				CLANG_ANALYZER_NONNULL = YES;
				CLANG_ANALYZER_NUMBER_OBJECT_CONVERSION = YES_AGGRESSIVE;
				CLANG_CXX_LANGUAGE_STANDARD = "gnu++17";
				CLANG_ENABLE_MODULES = YES;
				CLANG_ENABLE_OBJC_ARC = YES;
				CLANG_ENABLE_OBJC_WEAK = YES;
				CLANG_WARN_BLOCK_CAPTURE_AUTORELEASING = YES;
				CLANG_WARN_BOOL_CONVERSION = YES;
				CLANG_WARN_COMMA = YES;
				CLANG_WARN_CONSTANT_CONVERSION = YES;
				CLANG_WARN_DEPRECATED_OBJC_IMPLEMENTATIONS = YES;
				CLANG_WARN_DIRECT_OBJC_ISA_USAGE = YES_ERROR;
				CLANG_WARN_DOCUMENTATION_COMMENTS = YES;
				CLANG_WARN_EMPTY_BODY = YES;
				CLANG_WARN_ENUM_CONVERSION = YES;
				CLANG_WARN_INFINITE_RECURSION = YES;
				CLANG_WARN_INT_CONVERSION = YES;
				CLANG_WARN_NON_LITERAL_NULL_CONVERSION = YES;
				CLANG_WARN_OBJC_IMPLICIT_RETAIN_SELF = YES;
				CLANG_WARN_OBJC_LITERAL_CONVERSION = YES;
				CLANG_WARN_OBJC_ROOT_CLASS = YES_ERROR;
				CLANG_WARN_QUOTED_INCLUDE_IN_FRAMEWORK_HEADER = YES;
				CLANG_WARN_RANGE_LOOP_ANALYSIS = YES;
				CLANG_WARN_STRICT_PROTOTYPES = YES;
				CLANG_WARN_SUSPICIOUS_MOVE = YES;
				CLANG_WARN_UNGUARDED_AVAILABILITY = YES_AGGRESSIVE;
				CLANG_WARN_UNREACHABLE_CODE = YES;
				CLANG_WARN__DUPLICATE_METHOD_MATCH = YES;
				COPY_PHASE_STRIP = NO;
				DEBUG_INFORMATION_FORMAT = dwarf;
				ENABLE_STRICT_OBJC_MSGSEND = YES;
				ENABLE_TESTABILITY = YES;
				GCC_C_LANGUAGE_STANDARD = gnu11;
				GCC_DYNAMIC_NO_PIC = NO;
				GCC_NO_COMMON_BLOCKS = YES;
				GCC_OPTIMIZATION_LEVEL = 0;
				GCC_PREPROCESSOR_DEFINITIONS = (
					"DEBUG=1",
					"$(inherited)",
				);
				GCC_WARN_64_TO_32_BIT_CONVERSION = YES;
				GCC_WARN_ABOUT_RETURN_TYPE = YES_ERROR;
				GCC_WARN_UNDECLARED_SELECTOR = YES;
				GCC_WARN_UNINITIALIZED_AUTOS = YES_AGGRESSIVE;
				GCC_WARN_UNUSED_FUNCTION = YES;
				GCC_WARN_UNUSED_VARIABLE = YES;
				IPHONEOS_DEPLOYMENT_TARGET = 15.4;
				MTL_ENABLE_DEBUG_INFO = INCLUDE_SOURCE;
				MTL_FAST_MATH = YES;
				ONLY_ACTIVE_ARCH = YES;
				SDKROOT = iphoneos;
				SWIFT_ACTIVE_COMPILATION_CONDITIONS = DEBUG;
				SWIFT_OPTIMIZATION_LEVEL = "-Onone";
			};
			name = Debug;
		};
		663E37682821C335009F56EB /* Release */ = {
			isa = XCBuildConfiguration;
			buildSettings = {
				ALWAYS_SEARCH_USER_PATHS = NO;
				CLANG_ANALYZER_NONNULL = YES;
				CLANG_ANALYZER_NUMBER_OBJECT_CONVERSION = YES_AGGRESSIVE;
				CLANG_CXX_LANGUAGE_STANDARD = "gnu++17";
				CLANG_ENABLE_MODULES = YES;
				CLANG_ENABLE_OBJC_ARC = YES;
				CLANG_ENABLE_OBJC_WEAK = YES;
				CLANG_WARN_BLOCK_CAPTURE_AUTORELEASING = YES;
				CLANG_WARN_BOOL_CONVERSION = YES;
				CLANG_WARN_COMMA = YES;
				CLANG_WARN_CONSTANT_CONVERSION = YES;
				CLANG_WARN_DEPRECATED_OBJC_IMPLEMENTATIONS = YES;
				CLANG_WARN_DIRECT_OBJC_ISA_USAGE = YES_ERROR;
				CLANG_WARN_DOCUMENTATION_COMMENTS = YES;
				CLANG_WARN_EMPTY_BODY = YES;
				CLANG_WARN_ENUM_CONVERSION = YES;
				CLANG_WARN_INFINITE_RECURSION = YES;
				CLANG_WARN_INT_CONVERSION = YES;
				CLANG_WARN_NON_LITERAL_NULL_CONVERSION = YES;
				CLANG_WARN_OBJC_IMPLICIT_RETAIN_SELF = YES;
				CLANG_WARN_OBJC_LITERAL_CONVERSION = YES;
				CLANG_WARN_OBJC_ROOT_CLASS = YES_ERROR;
				CLANG_WARN_QUOTED_INCLUDE_IN_FRAMEWORK_HEADER = YES;
				CLANG_WARN_RANGE_LOOP_ANALYSIS = YES;
				CLANG_WARN_STRICT_PROTOTYPES = YES;
				CLANG_WARN_SUSPICIOUS_MOVE = YES;
				CLANG_WARN_UNGUARDED_AVAILABILITY = YES_AGGRESSIVE;
				CLANG_WARN_UNREACHABLE_CODE = YES;
				CLANG_WARN__DUPLICATE_METHOD_MATCH = YES;
				COPY_PHASE_STRIP = NO;
				DEBUG_INFORMATION_FORMAT = "dwarf-with-dsym";
				ENABLE_NS_ASSERTIONS = NO;
				ENABLE_STRICT_OBJC_MSGSEND = YES;
				GCC_C_LANGUAGE_STANDARD = gnu11;
				GCC_NO_COMMON_BLOCKS = YES;
				GCC_WARN_64_TO_32_BIT_CONVERSION = YES;
				GCC_WARN_ABOUT_RETURN_TYPE = YES_ERROR;
				GCC_WARN_UNDECLARED_SELECTOR = YES;
				GCC_WARN_UNINITIALIZED_AUTOS = YES_AGGRESSIVE;
				GCC_WARN_UNUSED_FUNCTION = YES;
				GCC_WARN_UNUSED_VARIABLE = YES;
				IPHONEOS_DEPLOYMENT_TARGET = 15.4;
				MTL_ENABLE_DEBUG_INFO = NO;
				MTL_FAST_MATH = YES;
				SDKROOT = iphoneos;
				SWIFT_COMPILATION_MODE = wholemodule;
				SWIFT_OPTIMIZATION_LEVEL = "-O";
				VALIDATE_PRODUCT = YES;
			};
			name = Release;
		};
		663E376A2821C335009F56EB /* Debug */ = {
			isa = XCBuildConfiguration;
			baseConfigurationReference = BB312F8CE14F49847ADFE7F7 /* Pods-WeatherApp(MVP).debug.xcconfig */;
			buildSettings = {
				ASSETCATALOG_COMPILER_APPICON_NAME = AppIcon;
				ASSETCATALOG_COMPILER_GLOBAL_ACCENT_COLOR_NAME = AccentColor;
				CODE_SIGN_STYLE = Automatic;
				CURRENT_PROJECT_VERSION = 1;
				DEVELOPMENT_TEAM = 58283VP36N;
				GENERATE_INFOPLIST_FILE = YES;
				INFOPLIST_FILE = "WeatherApp(MVP)/Info.plist";
				INFOPLIST_KEY_UIApplicationSupportsIndirectInputEvents = YES;
				INFOPLIST_KEY_UILaunchStoryboardName = LaunchScreen;
				INFOPLIST_KEY_UISupportedInterfaceOrientations_iPad = "UIInterfaceOrientationPortrait UIInterfaceOrientationPortraitUpsideDown UIInterfaceOrientationLandscapeLeft UIInterfaceOrientationLandscapeRight";
				INFOPLIST_KEY_UISupportedInterfaceOrientations_iPhone = "UIInterfaceOrientationPortrait UIInterfaceOrientationLandscapeLeft UIInterfaceOrientationLandscapeRight";
				LD_RUNPATH_SEARCH_PATHS = (
					"$(inherited)",
					"@executable_path/Frameworks",
				);
				MARKETING_VERSION = 1.0;
				PRODUCT_BUNDLE_IDENTIFIER = "danilSabitov.WeatherApp-MVP-";
				PRODUCT_NAME = "$(TARGET_NAME)";
				SWIFT_EMIT_LOC_STRINGS = YES;
				SWIFT_VERSION = 5.0;
				TARGETED_DEVICE_FAMILY = "1,2";
			};
			name = Debug;
		};
		663E376B2821C335009F56EB /* Release */ = {
			isa = XCBuildConfiguration;
			baseConfigurationReference = 25080493AD0094F18528444F /* Pods-WeatherApp(MVP).release.xcconfig */;
			buildSettings = {
				ASSETCATALOG_COMPILER_APPICON_NAME = AppIcon;
				ASSETCATALOG_COMPILER_GLOBAL_ACCENT_COLOR_NAME = AccentColor;
				CODE_SIGN_STYLE = Automatic;
				CURRENT_PROJECT_VERSION = 1;
				DEVELOPMENT_TEAM = 58283VP36N;
				GENERATE_INFOPLIST_FILE = YES;
				INFOPLIST_FILE = "WeatherApp(MVP)/Info.plist";
				INFOPLIST_KEY_UIApplicationSupportsIndirectInputEvents = YES;
				INFOPLIST_KEY_UILaunchStoryboardName = LaunchScreen;
				INFOPLIST_KEY_UISupportedInterfaceOrientations_iPad = "UIInterfaceOrientationPortrait UIInterfaceOrientationPortraitUpsideDown UIInterfaceOrientationLandscapeLeft UIInterfaceOrientationLandscapeRight";
				INFOPLIST_KEY_UISupportedInterfaceOrientations_iPhone = "UIInterfaceOrientationPortrait UIInterfaceOrientationLandscapeLeft UIInterfaceOrientationLandscapeRight";
				LD_RUNPATH_SEARCH_PATHS = (
					"$(inherited)",
					"@executable_path/Frameworks",
				);
				MARKETING_VERSION = 1.0;
				PRODUCT_BUNDLE_IDENTIFIER = "danilSabitov.WeatherApp-MVP-";
				PRODUCT_NAME = "$(TARGET_NAME)";
				SWIFT_EMIT_LOC_STRINGS = YES;
				SWIFT_VERSION = 5.0;
				TARGETED_DEVICE_FAMILY = "1,2";
			};
			name = Release;
		};
/* End XCBuildConfiguration section */

/* Begin XCConfigurationList section */
		663E37502821C334009F56EB /* Build configuration list for PBXProject "WeatherApp(MVP)" */ = {
			isa = XCConfigurationList;
			buildConfigurations = (
				663E37672821C335009F56EB /* Debug */,
				663E37682821C335009F56EB /* Release */,
			);
			defaultConfigurationIsVisible = 0;
			defaultConfigurationName = Release;
		};
		663E37692821C335009F56EB /* Build configuration list for PBXNativeTarget "WeatherApp(MVP)" */ = {
			isa = XCConfigurationList;
			buildConfigurations = (
				663E376A2821C335009F56EB /* Debug */,
				663E376B2821C335009F56EB /* Release */,
			);
			defaultConfigurationIsVisible = 0;
			defaultConfigurationName = Release;
		};
/* End XCConfigurationList section */
	};
	rootObject = 663E374D2821C334009F56EB /* Project object */;
}
